{
	"name": "image-preprocessing",
	"version": "0.0.0",
	"lockfileVersion": 2,
	"requires": true,
	"packages": {
		"": {
			"name": "image-preprocessing",
			"version": "0.0.0",
			"license": "AGPL-3.0",
			"dependencies": {
				"image-q": "^3.0.4"
			}
		},
		"node_modules/@types/node": {
			"version": "16.9.1",
			"resolved": "https://registry.npmjs.org/@types/node/-/node-16.9.1.tgz",
			"integrity": "sha512-QpLcX9ZSsq3YYUUnD3nFDY8H7wctAhQj/TFKL8Ya8v5fMm3CFXxo8zStsLAl780ltoYoo1WvKUVGBQK+1ifr7g=="
		},
		"node_modules/image-q": {
			"version": "3.0.4",
			"resolved": "https://registry.npmjs.org/image-q/-/image-q-3.0.4.tgz",
			"integrity": "sha512-Bkhv4OwiOzB0DFFd6NVmHoUw2UYEWO19rPmmquVb9FQIf7pycQ9hdqqmNJ4qon/uuCQxFl06nejcTlGSEtxe8A==",
			"dependencies": {
				"@types/node": "16.9.1"
			}
		}
	},
	"dependencies": {
		"@types/node": {
			"version": "16.9.1",
			"resolved": "https://registry.npmjs.org/@types/node/-/node-16.9.1.tgz",
			"integrity": "sha512-QpLcX9ZSsq3YYUUnD3nFDY8H7wctAhQj/TFKL8Ya8v5fMm3CFXxo8zStsLAl780ltoYoo1WvKUVGBQK+1ifr7g=="
		},
		"image-q": {
			"version": "3.0.4",
			"resolved": "https://registry.npmjs.org/image-q/-/image-q-3.0.4.tgz",
			"integrity": "sha512-Bkhv4OwiOzB0DFFd6NVmHoUw2UYEWO19rPmmquVb9FQIf7pycQ9hdqqmNJ4qon/uuCQxFl06nejcTlGSEtxe8A==",
			"requires": {
				"@types/node": "16.9.1"
			}
		}
	}
}
